Microsoft Visual Studio Solution File, Format Version 12.00
# Visual Studio Version 17
VisualStudioVersion = 17.5.2.0
MinimumVisualStudioVersion = 10.0.40219.1
Project("{2150E333-8FDC-42A3-9474-1A3956D46DE8}") = "AssistantDefinitions", "AssistantDefinitions", "{FC4D22EB-29F5-0A96-0442-12308E7A51B3}"
EndProject
Project("{2150E333-8FDC-42A3-9474-1A3956D46DE8}") = "LocalFileAnts", "LocalFileAnts", "{C8F19DD6-4C71-929C-4D19-16A8477AC304}"
EndProject
Project("{FAE04EC0-301F-11D3-BF4B-00C04F79EFBC}") = "DriveManagerLib", "AssistantDefinitions\LocalFileAnts\DriveManagerLib\DriveManagerLib.csproj", "{005D3C79-33C8-465D-47CB-9758E57B2794}"
EndProject
Global
	GlobalSection(SolutionConfigurationPlatforms) = preSolution
		Debug|Any CPU = Debug|Any CPU
		Release|Any CPU = Release|Any CPU
	EndGlobalSection
	GlobalSection(ProjectConfigurationPlatforms) = postSolution
		{005D3C79-33C8-465D-47CB-9758E57B2794}.Debug|Any CPU.ActiveCfg = Debug|Any CPU
		{005D3C79-33C8-465D-47CB-9758E57B2794}.Debug|Any CPU.Build.0 = Debug|Any CPU
		{005D3C79-33C8-465D-47CB-9758E57B2794}.Release|Any CPU.ActiveCfg = Release|Any CPU
		{005D3C79-33C8-465D-47CB-9758E57B2794}.Release|Any CPU.Build.0 = Release|Any CPU
	EndGlobalSection
	GlobalSection(SolutionProperties) = preSolution
		HideSolutionNode = FALSE
	EndGlobalSection
	GlobalSection(NestedProjects) = preSolution
		{C8F19DD6-4C71-929C-4D19-16A8477AC304} = {FC4D22EB-29F5-0A96-0442-12308E7A51B3}
		{005D3C79-33C8-465D-47CB-9758E57B2794} = {C8F19DD6-4C71-929C-4D19-16A8477AC304}
	EndGlobalSection
	GlobalSection(ExtensibilityGlobals) = postSolution
		SolutionGuid = {25CC3639-E013-486C-9E92-107A84C19E2D}
	EndGlobalSection
EndGlobal
